
Microsoft Visual Studio Solution File, Format Version 12.00
# Visual Studio Version 17
VisualStudioVersion = 17.2.32630.192
MinimumVisualStudioVersion = 10.0.40219.1
Project("{FAE04EC0-301F-11D3-BF4B-00C04F79EFBC}") = "AdaCalculator", "AdaCalculator\AdaCalculator.csproj", "{920EBA00-E87C-437F-9B25-ED4ED3878B94}"
EndProject
Global
	GlobalSection(SolutionConfigurationPlatforms) = preSolution
		Debug|Any CPU = Debug|Any CPU
		Release|Any CPU = Release|Any CPU
	EndGlobalSection
	GlobalSection(ProjectConfigurationPlatforms) = postSolution
		{920EBA00-E87C-437F-9B25-ED4ED3878B94}.Debug|Any CPU.ActiveCfg = Debug|Any CPU
		{920EBA00-E87C-437F-9B25-ED4ED3878B94}.Debug|Any CPU.Build.0 = Debug|Any CPU
		{920EBA00-E87C-437F-9B25-ED4ED3878B94}.Release|Any CPU.ActiveCfg = Release|Any CPU
		{920EBA00-E87C-437F-9B25-ED4ED3878B94}.Release|Any CPU.Build.0 = Release|Any CPU
	EndGlobalSection
	GlobalSection(SolutionProperties) = preSolution
		HideSolutionNode = FALSE
	EndGlobalSection
	GlobalSection(ExtensibilityGlobals) = postSolution
		SolutionGuid = {0EB964E7-A2B4-47B2-94CC-277EB620F678}
	EndGlobalSection
EndGlobal
